
Microsoft Visual Studio Solution File, Format Version 12.00
# Visual Studio 14
VisualStudioVersion = 14.0.25420.1
MinimumVisualStudioVersion = 10.0.40219.1
Project("{FAE04EC0-301F-11D3-BF4B-00C04F79EFBC}") = "ReferLocals", "ReferLocals\ReferLocals.csproj", "{D1F20514-E85D-4478-9895-20B98B6183F7}"
EndProject
Project("{FAE04EC0-301F-11D3-BF4B-00C04F79EFBC}") = "DataAccess", "DataAccess\DataAccess.csproj", "{F345901E-C7A4-4D85-A377-76B0B546E4F4}"
EndProject
Project("{FAE04EC0-301F-11D3-BF4B-00C04F79EFBC}") = "DataContracts", "DataContracts\DataContracts.csproj", "{7FB054F5-8451-4A87-B20A-229BBF74ED15}"
EndProject
Project("{FAE04EC0-301F-11D3-BF4B-00C04F79EFBC}") = "API", "API\API.csproj", "{BB250D8B-BD9E-47F2-807E-45F56D3CD091}"
EndProject
Project("{FAE04EC0-301F-11D3-BF4B-00C04F79EFBC}") = "launch", "launch\launch.csproj", "{84FD521B-F9A6-47AE-9086-9C058CCF31CE}"
EndProject
Global
	GlobalSection(SolutionConfigurationPlatforms) = preSolution
		Debug|Any CPU = Debug|Any CPU
		Release|Any CPU = Release|Any CPU
	EndGlobalSection
	GlobalSection(ProjectConfigurationPlatforms) = postSolution
		{D1F20514-E85D-4478-9895-20B98B6183F7}.Debug|Any CPU.ActiveCfg = Debug|Any CPU
		{D1F20514-E85D-4478-9895-20B98B6183F7}.Debug|Any CPU.Build.0 = Debug|Any CPU
		{D1F20514-E85D-4478-9895-20B98B6183F7}.Release|Any CPU.ActiveCfg = Release|Any CPU
		{D1F20514-E85D-4478-9895-20B98B6183F7}.Release|Any CPU.Build.0 = Release|Any CPU
		{F345901E-C7A4-4D85-A377-76B0B546E4F4}.Debug|Any CPU.ActiveCfg = Debug|Any CPU
		{F345901E-C7A4-4D85-A377-76B0B546E4F4}.Debug|Any CPU.Build.0 = Debug|Any CPU
		{F345901E-C7A4-4D85-A377-76B0B546E4F4}.Release|Any CPU.ActiveCfg = Release|Any CPU
		{F345901E-C7A4-4D85-A377-76B0B546E4F4}.Release|Any CPU.Build.0 = Release|Any CPU
		{7FB054F5-8451-4A87-B20A-229BBF74ED15}.Debug|Any CPU.ActiveCfg = Debug|Any CPU
		{7FB054F5-8451-4A87-B20A-229BBF74ED15}.Debug|Any CPU.Build.0 = Debug|Any CPU
		{7FB054F5-8451-4A87-B20A-229BBF74ED15}.Release|Any CPU.ActiveCfg = Release|Any CPU
		{7FB054F5-8451-4A87-B20A-229BBF74ED15}.Release|Any CPU.Build.0 = Release|Any CPU
		{BB250D8B-BD9E-47F2-807E-45F56D3CD091}.Debug|Any CPU.ActiveCfg = Debug|Any CPU
		{BB250D8B-BD9E-47F2-807E-45F56D3CD091}.Debug|Any CPU.Build.0 = Debug|Any CPU
		{BB250D8B-BD9E-47F2-807E-45F56D3CD091}.Release|Any CPU.ActiveCfg = Release|Any CPU
		{BB250D8B-BD9E-47F2-807E-45F56D3CD091}.Release|Any CPU.Build.0 = Release|Any CPU
		{84FD521B-F9A6-47AE-9086-9C058CCF31CE}.Debug|Any CPU.ActiveCfg = Debug|Any CPU
		{84FD521B-F9A6-47AE-9086-9C058CCF31CE}.Debug|Any CPU.Build.0 = Debug|Any CPU
		{84FD521B-F9A6-47AE-9086-9C058CCF31CE}.Release|Any CPU.ActiveCfg = Release|Any CPU
		{84FD521B-F9A6-47AE-9086-9C058CCF31CE}.Release|Any CPU.Build.0 = Release|Any CPU
	EndGlobalSection
	GlobalSection(SolutionProperties) = preSolution
		HideSolutionNode = FALSE
	EndGlobalSection
EndGlobal
